
Microsoft Visual Studio Solution File, Format Version 12.00
# Visual Studio Version 16
VisualStudioVersion = 16.6.30114.105
MinimumVisualStudioVersion = 10.0.40219.1
Project("{2150E333-8FDC-42A3-9474-1A3956D46DE8}") = "src", "src", "{7435F810-DE33-46DB-924C-5294C1BB70C0}"
EndProject
Project("{FAE04EC0-301F-11D3-BF4B-00C04F79EFBC}") = "SudokuSolver", "src\SudokuSolver\SudokuSolver.csproj", "{EBC5866C-2452-4AFD-99FE-E13FD8CD2003}"
EndProject
Project("{2150E333-8FDC-42A3-9474-1A3956D46DE8}") = "tests", "tests", "{69DBDC16-53C0-44FF-AB2A-C6A5B05DCBEE}"
EndProject
Project("{FAE04EC0-301F-11D3-BF4B-00C04F79EFBC}") = "SudokuSolver.Test", "tests\SudokuSolver.Test\SudokuSolver.Test.csproj", "{00489DD2-0E48-45B0-85D0-1FBAE7007F16}"
EndProject
Global
	GlobalSection(SolutionConfigurationPlatforms) = preSolution
		Debug|Any CPU = Debug|Any CPU
		Debug|x64 = Debug|x64
		Debug|x86 = Debug|x86
		Release|Any CPU = Release|Any CPU
		Release|x64 = Release|x64
		Release|x86 = Release|x86
	EndGlobalSection
	GlobalSection(SolutionProperties) = preSolution
		HideSolutionNode = FALSE
	EndGlobalSection
	GlobalSection(ProjectConfigurationPlatforms) = postSolution
		{EBC5866C-2452-4AFD-99FE-E13FD8CD2003}.Debug|Any CPU.ActiveCfg = Debug|Any CPU
		{EBC5866C-2452-4AFD-99FE-E13FD8CD2003}.Debug|Any CPU.Build.0 = Debug|Any CPU
		{EBC5866C-2452-4AFD-99FE-E13FD8CD2003}.Debug|x64.ActiveCfg = Debug|Any CPU
		{EBC5866C-2452-4AFD-99FE-E13FD8CD2003}.Debug|x64.Build.0 = Debug|Any CPU
		{EBC5866C-2452-4AFD-99FE-E13FD8CD2003}.Debug|x86.ActiveCfg = Debug|Any CPU
		{EBC5866C-2452-4AFD-99FE-E13FD8CD2003}.Debug|x86.Build.0 = Debug|Any CPU
		{EBC5866C-2452-4AFD-99FE-E13FD8CD2003}.Release|Any CPU.ActiveCfg = Release|Any CPU
		{EBC5866C-2452-4AFD-99FE-E13FD8CD2003}.Release|Any CPU.Build.0 = Release|Any CPU
		{EBC5866C-2452-4AFD-99FE-E13FD8CD2003}.Release|x64.ActiveCfg = Release|Any CPU
		{EBC5866C-2452-4AFD-99FE-E13FD8CD2003}.Release|x64.Build.0 = Release|Any CPU
		{EBC5866C-2452-4AFD-99FE-E13FD8CD2003}.Release|x86.ActiveCfg = Release|Any CPU
		{EBC5866C-2452-4AFD-99FE-E13FD8CD2003}.Release|x86.Build.0 = Release|Any CPU
		{00489DD2-0E48-45B0-85D0-1FBAE7007F16}.Debug|Any CPU.ActiveCfg = Debug|Any CPU
		{00489DD2-0E48-45B0-85D0-1FBAE7007F16}.Debug|Any CPU.Build.0 = Debug|Any CPU
		{00489DD2-0E48-45B0-85D0-1FBAE7007F16}.Debug|x64.ActiveCfg = Debug|Any CPU
		{00489DD2-0E48-45B0-85D0-1FBAE7007F16}.Debug|x64.Build.0 = Debug|Any CPU
		{00489DD2-0E48-45B0-85D0-1FBAE7007F16}.Debug|x86.ActiveCfg = Debug|Any CPU
		{00489DD2-0E48-45B0-85D0-1FBAE7007F16}.Debug|x86.Build.0 = Debug|Any CPU
		{00489DD2-0E48-45B0-85D0-1FBAE7007F16}.Release|Any CPU.ActiveCfg = Release|Any CPU
		{00489DD2-0E48-45B0-85D0-1FBAE7007F16}.Release|Any CPU.Build.0 = Release|Any CPU
		{00489DD2-0E48-45B0-85D0-1FBAE7007F16}.Release|x64.ActiveCfg = Release|Any CPU
		{00489DD2-0E48-45B0-85D0-1FBAE7007F16}.Release|x64.Build.0 = Release|Any CPU
		{00489DD2-0E48-45B0-85D0-1FBAE7007F16}.Release|x86.ActiveCfg = Release|Any CPU
		{00489DD2-0E48-45B0-85D0-1FBAE7007F16}.Release|x86.Build.0 = Release|Any CPU
	EndGlobalSection
	GlobalSection(NestedProjects) = preSolution
		{EBC5866C-2452-4AFD-99FE-E13FD8CD2003} = {7435F810-DE33-46DB-924C-5294C1BB70C0}
		{00489DD2-0E48-45B0-85D0-1FBAE7007F16} = {69DBDC16-53C0-44FF-AB2A-C6A5B05DCBEE}
	EndGlobalSection
EndGlobal
